
Microsoft Visual Studio Solution File, Format Version 12.00
# Visual Studio Version 16
VisualStudioVersion = 16.0.31005.135
MinimumVisualStudioVersion = 10.0.40219.1
Project("{FAE04EC0-301F-11D3-BF4B-00C04F79EFBC}") = "ClientCFC-P4-20190140126", "ClientCFC-P4-20190140126\ClientCFC-P4-20190140126.csproj", "{9DAE3FFC-E84F-4702-A94D-9A315FEE4DDF}"
EndProject
Global
	GlobalSection(SolutionConfigurationPlatforms) = preSolution
		Debug|Any CPU = Debug|Any CPU
		Release|Any CPU = Release|Any CPU
	EndGlobalSection
	GlobalSection(ProjectConfigurationPlatforms) = postSolution
		{9DAE3FFC-E84F-4702-A94D-9A315FEE4DDF}.Debug|Any CPU.ActiveCfg = Debug|Any CPU
		{9DAE3FFC-E84F-4702-A94D-9A315FEE4DDF}.Debug|Any CPU.Build.0 = Debug|Any CPU
		{9DAE3FFC-E84F-4702-A94D-9A315FEE4DDF}.Release|Any CPU.ActiveCfg = Release|Any CPU
		{9DAE3FFC-E84F-4702-A94D-9A315FEE4DDF}.Release|Any CPU.Build.0 = Release|Any CPU
	EndGlobalSection
	GlobalSection(SolutionProperties) = preSolution
		HideSolutionNode = FALSE
	EndGlobalSection
	GlobalSection(ExtensibilityGlobals) = postSolution
		SolutionGuid = {8726164D-1377-4224-B3B0-0661F9AAB447}
	EndGlobalSection
EndGlobal
